
Microsoft Visual Studio Solution File, Format Version 12.00
# Visual Studio Version 16
VisualStudioVersion = 16.0.29025.244
MinimumVisualStudioVersion = 10.0.40219.1
Project("{FAE04EC0-301F-11D3-BF4B-00C04F79EFBC}") = "mvcLogin", "mvcLogin\mvcLogin.csproj", "{725F1B30-82AF-4575-8FD7-98B76E9C2575}"
EndProject
Global
	GlobalSection(SolutionConfigurationPlatforms) = preSolution
		Debug|Any CPU = Debug|Any CPU
		Release|Any CPU = Release|Any CPU
	EndGlobalSection
	GlobalSection(ProjectConfigurationPlatforms) = postSolution
		{725F1B30-82AF-4575-8FD7-98B76E9C2575}.Debug|Any CPU.ActiveCfg = Debug|Any CPU
		{725F1B30-82AF-4575-8FD7-98B76E9C2575}.Debug|Any CPU.Build.0 = Debug|Any CPU
		{725F1B30-82AF-4575-8FD7-98B76E9C2575}.Release|Any CPU.ActiveCfg = Release|Any CPU
		{725F1B30-82AF-4575-8FD7-98B76E9C2575}.Release|Any CPU.Build.0 = Release|Any CPU
	EndGlobalSection
	GlobalSection(SolutionProperties) = preSolution
		HideSolutionNode = FALSE
	EndGlobalSection
	GlobalSection(ExtensibilityGlobals) = postSolution
		SolutionGuid = {B5D1A4DB-7CC4-4891-BE4A-DB83C6700E64}
	EndGlobalSection
EndGlobal
